
Microsoft Visual Studio Solution File, Format Version 12.00
# Visual Studio Version 17
VisualStudioVersion = 17.11.35312.102
MinimumVisualStudioVersion = 10.0.40219.1
Project("{FAE04EC0-301F-11D3-BF4B-00C04F79EFBC}") = "dz10.1", "dz10.1\dz10.1.csproj", "{923B2D90-5B4A-49E6-BAA2-F0CD15DA8B23}"
EndProject
Global
	GlobalSection(SolutionConfigurationPlatforms) = preSolution
		Debug|Any CPU = Debug|Any CPU
		Release|Any CPU = Release|Any CPU
	EndGlobalSection
	GlobalSection(ProjectConfigurationPlatforms) = postSolution
		{923B2D90-5B4A-49E6-BAA2-F0CD15DA8B23}.Debug|Any CPU.ActiveCfg = Debug|Any CPU
		{923B2D90-5B4A-49E6-BAA2-F0CD15DA8B23}.Debug|Any CPU.Build.0 = Debug|Any CPU
		{923B2D90-5B4A-49E6-BAA2-F0CD15DA8B23}.Release|Any CPU.ActiveCfg = Release|Any CPU
		{923B2D90-5B4A-49E6-BAA2-F0CD15DA8B23}.Release|Any CPU.Build.0 = Release|Any CPU
	EndGlobalSection
	GlobalSection(SolutionProperties) = preSolution
		HideSolutionNode = FALSE
	EndGlobalSection
	GlobalSection(ExtensibilityGlobals) = postSolution
		SolutionGuid = {B4D98679-0977-435E-96F2-6A48060B4DFD}
	EndGlobalSection
EndGlobal
